
Microsoft Visual Studio Solution File, Format Version 12.00
# Visual Studio 15
VisualStudioVersion = 15.0.27130.2020
MinimumVisualStudioVersion = 10.0.40219.1
Project("{FAE04EC0-301F-11D3-BF4B-00C04F79EFBC}") = "EquipmentInventory", "EquipmentInventory\EquipmentInventory.csproj", "{C26C9C26-9F07-4B83-B1B1-A960EDD2CE4F}"
EndProject
Global
	GlobalSection(SolutionConfigurationPlatforms) = preSolution
		Debug|Any CPU = Debug|Any CPU
		Release|Any CPU = Release|Any CPU
	EndGlobalSection
	GlobalSection(ProjectConfigurationPlatforms) = postSolution
		{C26C9C26-9F07-4B83-B1B1-A960EDD2CE4F}.Debug|Any CPU.ActiveCfg = Debug|Any CPU
		{C26C9C26-9F07-4B83-B1B1-A960EDD2CE4F}.Debug|Any CPU.Build.0 = Debug|Any CPU
		{C26C9C26-9F07-4B83-B1B1-A960EDD2CE4F}.Release|Any CPU.ActiveCfg = Release|Any CPU
		{C26C9C26-9F07-4B83-B1B1-A960EDD2CE4F}.Release|Any CPU.Build.0 = Release|Any CPU
	EndGlobalSection
	GlobalSection(SolutionProperties) = preSolution
		HideSolutionNode = FALSE
	EndGlobalSection
	GlobalSection(ExtensibilityGlobals) = postSolution
		SolutionGuid = {2F001E31-0CA1-4106-AC0E-89995510C3BF}
	EndGlobalSection
EndGlobal
